github.com/bytecodealliance/wasmtime-go v1.0.0 h1:9u9gqaUiaJeN5IoD1L7egD8atOnTGyJcNp8BhkL9cUU=
github.com/bytecodealliance/wasmtime-go v1.0.0/go.mod h1:jjlqQbWUfVSbehpErw3UoWFndBXRRMvfikYH6KsCwOg=
github.com/davecgh/go-spew v1.1.1 h1:vj9j/u1bqnvCEfJOwUhtlOARqs3+rkHYY13jYWTU97c=
github.com/davecgh/go-spew v1.1.1/go.mod h1:J7Y8YcW2NihsgmVo/mv3lAwl/skON4iLHjSsI+c5H38=
github.com/ebitengine/gomobile v0.0.0-20250923094054-ea854a63cce1 h1:+kz5iTT3L7uU+VhlMfTb8hHcxLO3TlaELlX8wa4XjA0=
github.com/ebitengine/gomobile v0.0.0-20250923094054-ea854a63cce1/go.mod h1:lKJoeixeJwnFmYsBny4vvCJGVFc3aYDalhuDsfZzWHI=
github.com/ebitengine/hideconsole v1.0.0 h1:5J4U0kXF+pv/DhiXt5/lTz0eO5ogJ1iXb8Yj1yReDqE=
github.com/ebitengine/hideconsole v1.0.0/go.mod h1:hTTBTvVYWKBuxPr7peweneWdkUwEuHuB3C1R/ielR1A=
github.com/ebitengine/purego v0.9.0 h1:mh0zpKBIXDceC63hpvPuGLiJ8ZAa3DfrFTudmfi8A4k=
github.com/ebitengine/purego v0.9.0/go.mod h1:iIjxzd6CiRiOG0UyXP+V1+jWqUXVjPKLAI0mRfJZTmQ=
github.com/hajimehoshi/ebiten/v2 v2.9.8 h1:xI0hIctuTMjFFk8lqEcUzoLjFy8d/FOBa9PDTWX+1rw=
github.com/hajimehoshi/ebiten/v2 v2.9.8/go.mod h1:DAt4tnkYYpCvu3x9i1X/nK/vOruNXIlYq/tBXxnhrXM=
github.com/jezek/xgb v1.1.1 h1:bE/r8ZZtSv7l9gk6nU0mYx51aXrvnyb44892TwSaqS4=
github.com/jezek/xgb v1.1.1/go.mod h1:nrhwO0FX/enq75I7Y7G8iN1ubpSGZEiA3v9e9GyRFlk=
github.com/pmezard/go-difflib v1.0.0 h1:4DBwDE0NGyQoBHbLQYPwSUPoCMWR5BEzIk/f1lZbAQM=
github.com/pmezard/go-difflib v1.0.0/go.mod h1:iKH77koFhYxTK1pcRnkKkqfTogsbg7gZNVY4sRDYZ/4=
github.com/stretchr/testify v1.11.1 h1:7s2iGBzp5EwR7/aIZr8ao5+dra3wiQyKjjFuvgVKu7U=
github.com/stretchr/testify v1.11.1/go.mod h1:wZwfW3scLgRK+23gO65QZefKpKQRnfz6sD981Nm4B6U=
github.com/tarcisiozf/go-simd v0.0.0-20260306190313-fc879d565e63 h1:vdS5dqL2q5/0wAJcDlmUoznh8JlQIr2Jqowg3PWlKCI=
github.com/tarcisiozf/go-simd v0.0.0-20260306190313-fc879d565e63/go.mod h1:R//bwjBCjhvqDwsWrv0/ZSBlGof2nQNkqJkKhd4tW6s=
github.com/tarcisiozf/wasp v0.0.0-20260223203535-18ee6d015998 h1:vKQ3SfuKx6nzDTdpkUZZe3UIa93jH6sv1hGLezPnPWY=
github.com/tarcisiozf/wasp v0.0.0-20260223203535-18ee6d015998/go.mod h1:LP6d19EWGQF7yxH1w2CodQ9by2CiWN5pPeIAqQWG0sU=
github.com/tarcisiozf/wasp v0.0.0-20260305205452-6d608817de66 h1:SG1CheHHaJu1SPFm0E2tfxHexKRA0ErbqHr0xVqjFl0=
github.com/tarcisiozf/wasp v0.0.0-20260305205452-6d608817de66/go.mod h1:LP6d19EWGQF7yxH1w2CodQ9by2CiWN5pPeIAqQWG0sU=
github.com/tarcisiozf/wasp v0.0.0-20260305210453-8a6eb7ad65f2 h1:MkvY9rCaF07geR3DPcOWZ9mgmLrVPmcI/qNhr4pyOeY=
github.com/tarcisiozf/wasp v0.0.0-20260305210453-8a6eb7ad65f2/go.mod h1:LP6d19EWGQF7yxH1w2CodQ9by2CiWN5pPeIAqQWG0sU=
github.com/tarcisiozf/wasp v0.0.0-20260305210639-6694d2dd4152 h1:b0Pk1eWbUKDo57j5IwEJdpRDimv47K6DkEkun6llMtc=
github.com/tarcisiozf/wasp v0.0.0-20260305210639-6694d2dd4152/go.mod h1:LP6d19EWGQF7yxH1w2CodQ9by2CiWN5pPeIAqQWG0sU=
github.com/tarcisiozf/wasp v0.0.0-20260305210803-495895f81b48 h1:i/gs5F+v2gJnJBwUe2MPnG0aA8ojSUHbO+soqC9XB8c=
github.com/tarcisiozf/wasp v0.0.0-20260305210803-495895f81b48/go.mod h1:LP6d19EWGQF7yxH1w2CodQ9by2CiWN5pPeIAqQWG0sU=
github.com/tarcisiozf/wasp v0.0.0-20260305210904-789ad43a636c h1:XXI2vctZKwsqbzSFc3cYxk2xQwtFGk/Whh8tCOlOyxs=
github.com/tarcisiozf/wasp v0.0.0-20260305210904-789ad43a636c/go.mod h1:LP6d19EWGQF7yxH1w2CodQ9by2CiWN5pPeIAqQWG0sU=
github.com/tarcisiozf/wasp v0.0.0-20260305211529-25811db4eff5 h1:0l7gGiGS+R9fwmiX+pFQNzrrx42K8soD+xNtm/b6Km4=
github.com/tarcisiozf/wasp v0.0.0-20260305211529-25811db4eff5/go.mod h1:LP6d19EWGQF7yxH1w2CodQ9by2CiWN5pPeIAqQWG0sU=
github.com/tarcisiozf/wasp v0.0.0-20260305230113-5ce2265fc8a6 h1:sEyIWuPjSaPnvxho2FuOxSN81ulLcLNQ33pB4RRfZWo=
github.com/tarcisiozf/wasp v0.0.0-20260305230113-5ce2265fc8a6/go.mod h1:LP6d19EWGQF7yxH1w2CodQ9by2CiWN5pPeIAqQWG0sU=
github.com/tarcisiozf/wasp v0.0.0-20260305230157-c2fb242d1728 h1:qJyd3wauvPpEVerBziFi1BJuwapjgqDuiJdnmZbnsSc=
github.com/tarcisiozf/wasp v0.0.0-20260305230157-c2fb242d1728/go.mod h1:LP6d19EWGQF7yxH1w2CodQ9by2CiWN5pPeIAqQWG0sU=
github.com/tarcisiozf/wasp v0.0.0-20260305232358-2ef9642536b8 h1:pUC0dY0/rPC7oHf4J9IecmNAlfUXquehevoOmfVSIgI=
github.com/tarcisiozf/wasp v0.0.0-20260305232358-2ef9642536b8/go.mod h1:LP6d19EWGQF7yxH1w2CodQ9by2CiWN5pPeIAqQWG0sU=
github.com/tarcisiozf/wasp v0.0.0-20260307162049-b3e550d4646f h1:K5FuR3BdJtbfU0ELH85N5iqQ8IDleeVpqjrwDXd1ukg=
github.com/tarcisiozf/wasp v0.0.0-20260307162049-b3e550d4646f/go.mod h1:7SWNdYl0ldDUwcQGXLnXxotW0u2o3TNxNrvmGEMJD3E=
github.com/tarcisiozf/wasp v0.0.0-20260812214103-f69636a35bf2 h1:gV0DHmIYRKioCRvZQc7GJKca/gZeD89yhznnpC4JGUI=
github.com/tarcisiozf/wasp v0.0.0-20260812214103-f69636a35bf2/go.mod h1:7SWNdYl0ldDUwcQGXLnXxotW0u2o3TNxNrvmGEMJD3E=
github.com/tarcisiozf/wasp v0.0.0-20260812224940-6a746180c454 h1:A0UHRKv3Fnm+1OZzwl/nNCRPFzBA74DgbmwNAMpcfyk=
github.com/tarcisiozf/wasp v0.0.0-20260812224940-6a746180c454/go.mod h1:7SWNdYl0ldDUwcQGXLnXxotW0u2o3TNxNrvmGEMJD3E=
github.com/tarcisiozf/wasp v0.0.0-20260812234317-f665eb763de9 h1:qFlrFhzZMuKN/OTDvVVELXSVFtNU1JcdD66CcJ3kuu8=
github.com/tarcisiozf/wasp v0.0.0-20260812234317-f665eb763de9/go.mod h1:7SWNdYl0ldDUwcQGXLnXxotW0u2o3TNxNrvmGEMJD3E=
github.com/tarcisiozf/wasp v0.0.0-20260813010140-c55f23ad7af0 h1:cxvx+7GWFtygCBya1KgO9EaFcRhq0CRY1Aj+51gSwTE=
github.com/tarcisiozf/wasp v0.0.0-20260813010140-c55f23ad7af0/go.mod h1:7SWNdYl0ldDUwcQGXLnXxotW0u2o3TNxNrvmGEMJD3E=
github.com/tarcisiozf/wasp v0.0.0-20260814001347-0952b9593129 h1:W3Ga1dEiiilP/LGbJkLEkF21EpsScyX2Dm06cvT4cZk=
github.com/tarcisiozf/wasp v0.0.0-20260814001347-0952b9593129/go.mod h1:7SWNdYl0ldDUwcQGXLnXxotW0u2o3TNxNrvmGEMJD3E=
github.com/tarcisiozf/wasp v0.0.0-20260814001901-950ae7753899 h1:AJK1sgzyqW9YfsM2sgZbQDWH4jjEOICUf9fZxvX6sGs=
github.com/tarcisiozf/wasp v0.0.0-20260814001901-950ae7753899/go.mod h1:7SWNdYl0ldDUwcQGXLnXxotW0u2o3TNxNrvmGEMJD3E=
github.com/tarcisiozf/wasp v0.0.0-20260814002835-7f08bb6ec425 h1:WmVdpqs/CvtcC0QNqfU5fKQAWdWCTz40TG4XMe5Pp8U=
github.com/tarcisiozf/wasp v0.0.0-20260814002835-7f08bb6ec425/go.mod h1:7SWNdYl0ldDUwcQGXLnXxotW0u2o3TNxNrvmGEMJD3E=
github.com/tarcisiozf/wasp v0.0.0-20260814003431-8e47d998c626 h1:pJSznUsB6v/GsNibEJH8hcLD+OQXTlgT8eOEt6g6hWE=
github.com/tarcisiozf/wasp v0.0.0-20260814003431-8e47d998c626/go.mod h1:7SWNdYl0ldDUwcQGXLnXxotW0u2o3TNxNrvmGEMJD3E=
github.com/tarcisiozf/wasp v0.0.0-20260814003544-170cb1751f72 h1:NPx+978CdC4sjxmeDMgSmy0/pQlbmoZabpDi80Xb3g8=
github.com/tarcisiozf/wasp v0.0.0-20260814003544-170cb1751f72/go.mod h1:7SWNdYl0ldDUwcQGXLnXxotW0u2o3TNxNrvmGEMJD3E=
github.com/tarcisiozf/wasp v0.0.0-20260814004832-8bd749750661 h1:gq7jcnrOzBblb8q2RGR3OGCDTdkYo/qYIuhutfRi0Vk=
github.com/tarcisiozf/wasp v0.0.0-20260814004832-8bd749750661/go.mod h1:7SWNdYl0ldDUwcQGXLnXxotW0u2o3TNxNrvmGEMJD3E=
github.com/tarcisiozf/wasp v0.0.0-20260814005838-a21a8dbcc5d1 h1:0+pWUmJ/NYPOortArL6vBDqyFAXdpsIRHkbhOqPfiFs=
github.com/tarcisiozf/wasp v0.0.0-20260814005838-a21a8dbcc5d1/go.mod h1:7SWNdYl0ldDUwcQGXLnXxotW0u2o3TNxNrvmGEMJD3E=
github.com/tarcisiozf/wasp v0.0.0-20260814010433-cbec39d174b1 h1:OnKTmM8h8dZnt+8QYGVZBogB2j1CMXpx72/SVDPQ964=
github.com/tarcisiozf/wasp v0.0.0-20260814010433-cbec39d174b1/go.mod h1:7SWNdYl0ldDUwcQGXLnXxotW0u2o3TNxNrvmGEMJD3E=
github.com/tarcisiozf/wasp v0.0.0-20260815170212-f53b207abd3a h1:32gsMx74mPelNA2S7BSEhU1rD1hzLmumfxPk/u/gjl8=
github.com/tarcisiozf/wasp v0.0.0-20260815170212-f53b207abd3a/go.mod h1:7SWNdYl0ldDUwcQGXLnXxotW0u2o3TNxNrvmGEMJD3E=
github.com/tarcisiozf/wasp v0.0.0-20260815170216-b060b8b31709 h1:FohaaNv5FgiePlIuA8qj1rpKsYIkSLyLmHT4/Aya76Y=
github.com/tarcisiozf/wasp v0.0.0-20260815170216-b060b8b31709/go.mod h1:7SWNdYl0ldDUwcQGXLnXxotW0u2o3TNxNrvmGEMJD3E=
golang.org/x/image v0.31.0 h1:mLChjE2MV6g1S7oqbXC0/UcKijjm5fnJLUYKIYrLESA=
golang.org/x/image v0.31.0/go.mod h1:R9ec5Lcp96v9FTF+ajwaH3uGxPH4fKfHHAVbUILxghA=
golang.org/x/sync v0.17.0 h1:l60nONMj9l5drqw6jlhIELNv9I0A4OFgRsG9k2oT9Ug=
golang.org/x/sync v0.17.0/go.mod h1:9KTHXmSnoGruLpwFjVSX0lNNA75CykiMECbovNTZqGI=
golang.org/x/sys v0.36.0 h1:KVRy2GtZBrk1cBYA7MKu5bEZFxQk4NIDV6RLVcC8o0k=
golang.org/x/sys v0.36.0/go.mod h1:OgkHotnGiDImocRcuBABYBEXf8A9a87e/uXjp9XT3ks=
gopkg.in/yaml.v3 v3.0.1 h1:fxVm/GzAzEWqLHuvctI91KS9hhNmmWOoWu0XTYJS7CA=
gopkg.in/yaml.v3 v3.0.1/go.mod h1:K4uyk7z7BCEPqu6E+C64Yfv1cQ7kz7rIZviUmN+EgEM=
